<Solution>
  <Folder Name="/SolutionFolder/">
    <File Path=".editorconfig" />
    <File Path=".gitattributes" />
    <File Path=".gitignore" />
    <File Path="Directory.Build.props" />
    <File Path="Directory.Packages.props" />
    <File Path="global.json" />
    <File Path="README.md" />
    <File Path="runAll.sh" />
  </Folder>
  <Folder Name="/src/">
    <Project Path="src/BloodPressureCharting/BloodPressureCharting.fsproj" />
    <Project Path="src/BloodPressureChartingConsole/BloodPressureChartingConsole.fsproj" />
    <Project Path="src/BloodPressureMarkdownToCsvConverter/BloodPressureMarkdownToCsvConverter.fsproj" />
    <Project Path="src/BloodPressureMarkdownToCsvConverterConsole/BloodPressureMarkdownToCsvConverterConsole.fsproj" />
    <Project Path="src/StatsLib/StatsLib.csproj" />
  </Folder>
  <Folder Name="/tests/">
    <Project Path="tests/BloodPressureChartingTests/BloodPressureChartingTests.fsproj" />
    <Project Path="tests/BloodPressureMarkdownToCsvConverterTests/BloodPressureMarkdownToCsvConverterTests.fsproj" />
    <Project Path="tests/StatsLibTests/StatsLibTests.fsproj" />
  </Folder>
</Solution>
